
Microsoft Visual Studio Solution File, Format Version 12.00
# Visual Studio Version 17
VisualStudioVersion = 17.4.33103.184
MinimumVisualStudioVersion = 10.0.40219.1
Project("{9A19103F-16F7-4668-BE54-9A1E7A4F7556}") = "PassApp", "PassApp\PassApp.csproj", "{D041F49C-EFED-46A7-B259-AA9361993B71}"
EndProject
Project("{9A19103F-16F7-4668-BE54-9A1E7A4F7556}") = "PassApp.Data", "PassApp.Data\PassApp.Data.csproj", "{723A9451-75D7-495A-ACF8-3E3DDF0B717A}"
EndProject
Project("{9A19103F-16F7-4668-BE54-9A1E7A4F7556}") = "PassApp.Client", "PassApp.Client\PassApp.Client.csproj", "{EC061D8E-836A-4791-BDE4-2F3E2313E660}"
EndProject
Global
	GlobalSection(SolutionConfigurationPlatforms) = preSolution
		Debug|Any CPU = Debug|Any CPU
		Release|Any CPU = Release|Any CPU
	EndGlobalSection
	GlobalSection(ProjectConfigurationPlatforms) = postSolution
		{D041F49C-EFED-46A7-B259-AA9361993B71}.Debug|Any CPU.ActiveCfg = Debug|Any CPU
		{D041F49C-EFED-46A7-B259-AA9361993B71}.Debug|Any CPU.Build.0 = Debug|Any CPU
		{D041F49C-EFED-46A7-B259-AA9361993B71}.Release|Any CPU.ActiveCfg = Release|Any CPU
		{D041F49C-EFED-46A7-B259-AA9361993B71}.Release|Any CPU.Build.0 = Release|Any CPU
		{723A9451-75D7-495A-ACF8-3E3DDF0B717A}.Debug|Any CPU.ActiveCfg = Debug|Any CPU
		{723A9451-75D7-495A-ACF8-3E3DDF0B717A}.Debug|Any CPU.Build.0 = Debug|Any CPU
		{723A9451-75D7-495A-ACF8-3E3DDF0B717A}.Release|Any CPU.ActiveCfg = Release|Any CPU
		{723A9451-75D7-495A-ACF8-3E3DDF0B717A}.Release|Any CPU.Build.0 = Release|Any CPU
		{EC061D8E-836A-4791-BDE4-2F3E2313E660}.Debug|Any CPU.ActiveCfg = Debug|Any CPU
		{EC061D8E-836A-4791-BDE4-2F3E2313E660}.Debug|Any CPU.Build.0 = Debug|Any CPU
		{EC061D8E-836A-4791-BDE4-2F3E2313E660}.Release|Any CPU.ActiveCfg = Release|Any CPU
		{EC061D8E-836A-4791-BDE4-2F3E2313E660}.Release|Any CPU.Build.0 = Release|Any CPU
	EndGlobalSection
	GlobalSection(SolutionProperties) = preSolution
		HideSolutionNode = FALSE
	EndGlobalSection
	GlobalSection(ExtensibilityGlobals) = postSolution
		SolutionGuid = {0EFB1548-0B8C-42B7-A7F6-EEBB7180A3D1}
	EndGlobalSection
EndGlobal
